
Microsoft Visual Studio Solution File, Format Version 12.00
# Visual Studio Version 16
VisualStudioVersion = 16.0.29418.71
MinimumVisualStudioVersion = 10.0.40219.1
Project("{9A19103F-16F7-4668-BE54-9A1E7A4F7556}") = "LCR.Import.UI.Web", "src\Apps\LCR.Import.UI.Web\LCR.Import.UI.Web.csproj", "{5E2E84EF-132E-43E4-B0AC-031FBBF0BD87}"
EndProject
Project("{2150E333-8FDC-42A3-9474-1A3956D46DE8}") = "src", "src", "{A4E3A32F-143C-4099-AB58-41193FB24541}"
EndProject
Project("{2150E333-8FDC-42A3-9474-1A3956D46DE8}") = "Apps", "Apps", "{4D7F7054-430D-40CC-9953-43215EAE2145}"
EndProject
Project("{2150E333-8FDC-42A3-9474-1A3956D46DE8}") = "API", "API", "{C544B551-ABAD-417E-BCC6-3956E7A56F44}"
EndProject
Project("{9A19103F-16F7-4668-BE54-9A1E7A4F7556}") = "LCR.Import.Web.Api", "src\API\LCR.Import.Web.Api\LCR.Import.Web.Api.csproj", "{DEEE4C84-D456-49DC-B68F-783844988AB4}"
EndProject
Project("{2150E333-8FDC-42A3-9474-1A3956D46DE8}") = "BuildingBlocks", "BuildingBlocks", "{857F9D76-6B93-4CEA-9A5C-663653B2CAB0}"
EndProject
Project("{2150E333-8FDC-42A3-9474-1A3956D46DE8}") = "Helpers", "Helpers", "{8BA7BB02-3FA1-47EF-A479-037699FCE1DE}"
EndProject
Project("{9A19103F-16F7-4668-BE54-9A1E7A4F7556}") = "Helpers.AspNet", "src\BuildingBlocks\Helpers\Helpers.AspNet\Helpers.AspNet.csproj", "{5E5AE9BD-7A66-4260-836E-CE580F65F3C4}"
EndProject
Project("{2150E333-8FDC-42A3-9474-1A3956D46DE8}") = "DataAccess", "DataAccess", "{E20DADBE-DB7E-43B3-8A8F-4A8F71E4D19D}"
EndProject
Project("{2150E333-8FDC-42A3-9474-1A3956D46DE8}") = "Validation", "Validation", "{10E49EE8-04B9-44C6-89B9-612BB6656D9E}"
EndProject
Project("{9A19103F-16F7-4668-BE54-9A1E7A4F7556}") = "DataBaseContextExtensions", "src\BuildingBlocks\DataAccess\DataBaseContextExtensions\DataBaseContextExtensions.csproj", "{E61DB40F-8C12-4595-A677-543E30EF0667}"
EndProject
Project("{9A19103F-16F7-4668-BE54-9A1E7A4F7556}") = "LCR.DataService", "src\BuildingBlocks\DataAccess\LCR.DataService\LCR.DataService.csproj", "{7F8D53E9-9F0B-40DD-91C8-3D3A7232EF33}"
EndProject
Project("{9A19103F-16F7-4668-BE54-9A1E7A4F7556}") = "LCR.DataService.Abstractions", "src\BuildingBlocks\DataAccess\LCR.DataService.Abstractions\LCR.DataService.Abstractions.csproj", "{38C294D2-CF9A-46A2-AA88-F563A9F546D2}"
EndProject
Project("{9A19103F-16F7-4668-BE54-9A1E7A4F7556}") = "LCR.TPM.Context", "src\BuildingBlocks\DataAccess\LCR.TPM.Context\LCR.TPM.Context.csproj", "{0D78F6D0-E05E-4119-B897-439D99681D3F}"
EndProject
Project("{9A19103F-16F7-4668-BE54-9A1E7A4F7556}") = "LCR.TPM.Model", "src\BuildingBlocks\DataAccess\LCR.TPM.Model\LCR.TPM.Model.csproj", "{7826DE5C-77F2-442F-8D1D-524C11B08BD0}"
EndProject
Project("{9A19103F-16F7-4668-BE54-9A1E7A4F7556}") = "LCR.Import.DataValidation", "src\BuildingBlocks\Validation\LCR.Import.DataValidation\LCR.Import.DataValidation.csproj", "{7CCF70C4-2EFD-46C3-A1BD-4C8252FAE62A}"
EndProject
Global
	GlobalSection(SolutionConfigurationPlatforms) = preSolution
		Debug|Any CPU = Debug|Any CPU
		Release|Any CPU = Release|Any CPU
		Testing|Any CPU = Testing|Any CPU
	EndGlobalSection
	GlobalSection(ProjectConfigurationPlatforms) = postSolution
		{5E2E84EF-132E-43E4-B0AC-031FBBF0BD87}.Debug|Any CPU.ActiveCfg = Debug|Any CPU
		{5E2E84EF-132E-43E4-B0AC-031FBBF0BD87}.Debug|Any CPU.Build.0 = Debug|Any CPU
		{5E2E84EF-132E-43E4-B0AC-031FBBF0BD87}.Release|Any CPU.ActiveCfg = Release|Any CPU
		{5E2E84EF-132E-43E4-B0AC-031FBBF0BD87}.Release|Any CPU.Build.0 = Release|Any CPU
		{5E2E84EF-132E-43E4-B0AC-031FBBF0BD87}.Testing|Any CPU.ActiveCfg = Testing|Any CPU
		{5E2E84EF-132E-43E4-B0AC-031FBBF0BD87}.Testing|Any CPU.Build.0 = Testing|Any CPU
		{DEEE4C84-D456-49DC-B68F-783844988AB4}.Debug|Any CPU.ActiveCfg = Debug|Any CPU
		{DEEE4C84-D456-49DC-B68F-783844988AB4}.Debug|Any CPU.Build.0 = Debug|Any CPU
		{DEEE4C84-D456-49DC-B68F-783844988AB4}.Release|Any CPU.ActiveCfg = Release|Any CPU
		{DEEE4C84-D456-49DC-B68F-783844988AB4}.Release|Any CPU.Build.0 = Release|Any CPU
		{DEEE4C84-D456-49DC-B68F-783844988AB4}.Testing|Any CPU.ActiveCfg = Testing|Any CPU
		{DEEE4C84-D456-49DC-B68F-783844988AB4}.Testing|Any CPU.Build.0 = Testing|Any CPU
		{5E5AE9BD-7A66-4260-836E-CE580F65F3C4}.Debug|Any CPU.ActiveCfg = Debug|Any CPU
		{5E5AE9BD-7A66-4260-836E-CE580F65F3C4}.Debug|Any CPU.Build.0 = Debug|Any CPU
		{5E5AE9BD-7A66-4260-836E-CE580F65F3C4}.Release|Any CPU.ActiveCfg = Release|Any CPU
		{5E5AE9BD-7A66-4260-836E-CE580F65F3C4}.Release|Any CPU.Build.0 = Release|Any CPU
		{5E5AE9BD-7A66-4260-836E-CE580F65F3C4}.Testing|Any CPU.ActiveCfg = Testing|Any CPU
		{5E5AE9BD-7A66-4260-836E-CE580F65F3C4}.Testing|Any CPU.Build.0 = Testing|Any CPU
		{E61DB40F-8C12-4595-A677-543E30EF0667}.Debug|Any CPU.ActiveCfg = Debug|Any CPU
		{E61DB40F-8C12-4595-A677-543E30EF0667}.Debug|Any CPU.Build.0 = Debug|Any CPU
		{E61DB40F-8C12-4595-A677-543E30EF0667}.Release|Any CPU.ActiveCfg = Release|Any CPU
		{E61DB40F-8C12-4595-A677-543E30EF0667}.Release|Any CPU.Build.0 = Release|Any CPU
		{E61DB40F-8C12-4595-A677-543E30EF0667}.Testing|Any CPU.ActiveCfg = Testing|Any CPU
		{E61DB40F-8C12-4595-A677-543E30EF0667}.Testing|Any CPU.Build.0 = Testing|Any CPU
		{7F8D53E9-9F0B-40DD-91C8-3D3A7232EF33}.Debug|Any CPU.ActiveCfg = Debug|Any CPU
		{7F8D53E9-9F0B-40DD-91C8-3D3A7232EF33}.Debug|Any CPU.Build.0 = Debug|Any CPU
		{7F8D53E9-9F0B-40DD-91C8-3D3A7232EF33}.Release|Any CPU.ActiveCfg = Release|Any CPU
		{7F8D53E9-9F0B-40DD-91C8-3D3A7232EF33}.Release|Any CPU.Build.0 = Release|Any CPU
		{7F8D53E9-9F0B-40DD-91C8-3D3A7232EF33}.Testing|Any CPU.ActiveCfg = Testing|Any CPU
		{7F8D53E9-9F0B-40DD-91C8-3D3A7232EF33}.Testing|Any CPU.Build.0 = Testing|Any CPU
		{38C294D2-CF9A-46A2-AA88-F563A9F546D2}.Debug|Any CPU.ActiveCfg = Debug|Any CPU
		{38C294D2-CF9A-46A2-AA88-F563A9F546D2}.Debug|Any CPU.Build.0 = Debug|Any CPU
		{38C294D2-CF9A-46A2-AA88-F563A9F546D2}.Release|Any CPU.ActiveCfg = Release|Any CPU
		{38C294D2-CF9A-46A2-AA88-F563A9F546D2}.Release|Any CPU.Build.0 = Release|Any CPU
		{38C294D2-CF9A-46A2-AA88-F563A9F546D2}.Testing|Any CPU.ActiveCfg = Testing|Any CPU
		{38C294D2-CF9A-46A2-AA88-F563A9F546D2}.Testing|Any CPU.Build.0 = Testing|Any CPU
		{0D78F6D0-E05E-4119-B897-439D99681D3F}.Debug|Any CPU.ActiveCfg = Debug|Any CPU
		{0D78F6D0-E05E-4119-B897-439D99681D3F}.Debug|Any CPU.Build.0 = Debug|Any CPU
		{0D78F6D0-E05E-4119-B897-439D99681D3F}.Release|Any CPU.ActiveCfg = Release|Any CPU
		{0D78F6D0-E05E-4119-B897-439D99681D3F}.Release|Any CPU.Build.0 = Release|Any CPU
		{0D78F6D0-E05E-4119-B897-439D99681D3F}.Testing|Any CPU.ActiveCfg = Testing|Any CPU
		{0D78F6D0-E05E-4119-B897-439D99681D3F}.Testing|Any CPU.Build.0 = Testing|Any CPU
		{7826DE5C-77F2-442F-8D1D-524C11B08BD0}.Debug|Any CPU.ActiveCfg = Debug|Any CPU
		{7826DE5C-77F2-442F-8D1D-524C11B08BD0}.Debug|Any CPU.Build.0 = Debug|Any CPU
		{7826DE5C-77F2-442F-8D1D-524C11B08BD0}.Release|Any CPU.ActiveCfg = Release|Any CPU
		{7826DE5C-77F2-442F-8D1D-524C11B08BD0}.Release|Any CPU.Build.0 = Release|Any CPU
		{7826DE5C-77F2-442F-8D1D-524C11B08BD0}.Testing|Any CPU.ActiveCfg = Testing|Any CPU
		{7826DE5C-77F2-442F-8D1D-524C11B08BD0}.Testing|Any CPU.Build.0 = Testing|Any CPU
		{7CCF70C4-2EFD-46C3-A1BD-4C8252FAE62A}.Debug|Any CPU.ActiveCfg = Debug|Any CPU
		{7CCF70C4-2EFD-46C3-A1BD-4C8252FAE62A}.Debug|Any CPU.Build.0 = Debug|Any CPU
		{7CCF70C4-2EFD-46C3-A1BD-4C8252FAE62A}.Release|Any CPU.ActiveCfg = Release|Any CPU
		{7CCF70C4-2EFD-46C3-A1BD-4C8252FAE62A}.Release|Any CPU.Build.0 = Release|Any CPU
		{7CCF70C4-2EFD-46C3-A1BD-4C8252FAE62A}.Testing|Any CPU.ActiveCfg = Testing|Any CPU
		{7CCF70C4-2EFD-46C3-A1BD-4C8252FAE62A}.Testing|Any CPU.Build.0 = Testing|Any CPU
	EndGlobalSection
	GlobalSection(SolutionProperties) = preSolution
		HideSolutionNode = FALSE
	EndGlobalSection
	GlobalSection(NestedProjects) = preSolution
		{5E2E84EF-132E-43E4-B0AC-031FBBF0BD87} = {4D7F7054-430D-40CC-9953-43215EAE2145}
		{4D7F7054-430D-40CC-9953-43215EAE2145} = {A4E3A32F-143C-4099-AB58-41193FB24541}
		{C544B551-ABAD-417E-BCC6-3956E7A56F44} = {A4E3A32F-143C-4099-AB58-41193FB24541}
		{DEEE4C84-D456-49DC-B68F-783844988AB4} = {C544B551-ABAD-417E-BCC6-3956E7A56F44}
		{857F9D76-6B93-4CEA-9A5C-663653B2CAB0} = {A4E3A32F-143C-4099-AB58-41193FB24541}
		{8BA7BB02-3FA1-47EF-A479-037699FCE1DE} = {857F9D76-6B93-4CEA-9A5C-663653B2CAB0}
		{5E5AE9BD-7A66-4260-836E-CE580F65F3C4} = {8BA7BB02-3FA1-47EF-A479-037699FCE1DE}
		{E20DADBE-DB7E-43B3-8A8F-4A8F71E4D19D} = {857F9D76-6B93-4CEA-9A5C-663653B2CAB0}
		{10E49EE8-04B9-44C6-89B9-612BB6656D9E} = {857F9D76-6B93-4CEA-9A5C-663653B2CAB0}
		{E61DB40F-8C12-4595-A677-543E30EF0667} = {E20DADBE-DB7E-43B3-8A8F-4A8F71E4D19D}
		{7F8D53E9-9F0B-40DD-91C8-3D3A7232EF33} = {E20DADBE-DB7E-43B3-8A8F-4A8F71E4D19D}
		{38C294D2-CF9A-46A2-AA88-F563A9F546D2} = {E20DADBE-DB7E-43B3-8A8F-4A8F71E4D19D}
		{0D78F6D0-E05E-4119-B897-439D99681D3F} = {E20DADBE-DB7E-43B3-8A8F-4A8F71E4D19D}
		{7826DE5C-77F2-442F-8D1D-524C11B08BD0} = {E20DADBE-DB7E-43B3-8A8F-4A8F71E4D19D}
		{7CCF70C4-2EFD-46C3-A1BD-4C8252FAE62A} = {10E49EE8-04B9-44C6-89B9-612BB6656D9E}
	EndGlobalSection
	GlobalSection(ExtensibilityGlobals) = postSolution
		SolutionGuid = {1AF9E994-68FC-4F7B-8689-7FAB0B22D372}
	EndGlobalSection
EndGlobal
